// !$*UTF8*$!
{
	archiveVersion = 1;
	classes = {
	};
	objectVersion = 46;
	objects = {

/* Begin PBXBuildFile section */
		60045D011748059600A4990F /* Monet_StillLifewithPearsandGrapes_croptop.png in Resources */ = {isa = PBXBuildFile; fileRef = 60045CFF1748059600A4990F /* Monet_StillLifewithPearsandGrapes_croptop.png */; };
		60045D021748059600A4990F /* Monet_StillLifewithPearsandGrapes.png in Resources */ = {isa = PBXBuildFile; fileRef = 60045D001748059600A4990F /* Monet_StillLifewithPearsandGrapes.png */; };
		60045D051748BF4C00A4990F /* Titian_Sisyphus_croptop.png in Resources */ = {isa = PBXBuildFile; fileRef = 60045D031748BF4C00A4990F /* Titian_Sisyphus_croptop.png */; };
		60045D061748BF4C00A4990F /* Titian_Sisyphus.png in Resources */ = {isa = PBXBuildFile; fileRef = 60045D041748BF4C00A4990F /* Titian_Sisyphus.png */; };
		60045D091748D39A00A4990F /* vanGogh_SkullWithBurningCigarette_croptop.png in Resources */ = {isa = PBXBuildFile; fileRef = 60045D071748D39A00A4990F /* vanGogh_SkullWithBurningCigarette_croptop.png */; };
		60045D0A1748D39A00A4990F /* vanGogh_SkullWithBurningCigarette.png in Resources */ = {isa = PBXBuildFile; fileRef = 60045D081748D39A00A4990F /* vanGogh_SkullWithBurningCigarette.png */; };
		60045D0D1748F60000A4990F /* ToulouseLautrec_TheDance_croptop.png in Resources */ = {isa = PBXBuildFile; fileRef = 60045D0B1748F60000A4990F /* ToulouseLautrec_TheDance_croptop.png */; };
		60045D0E1748F60000A4990F /* ToulouseLautrec_TheDance.png in Resources */ = {isa = PBXBuildFile; fileRef = 60045D0C1748F60000A4990F /* ToulouseLautrec_TheDance.png */; };
		6017CFD21644256400F9F4FB /* ToolboxViewController.m in Sources */ = {isa = PBXBuildFile; fileRef = 6017CFD11644256400F9F4FB /* ToolboxViewController.m */; };
		602D298017401F72006475A9 /* LicenseController.m in Sources */ = {isa = PBXBuildFile; fileRef = 602D297F17401F72006475A9 /* LicenseController.m */; };
		6041F4D51729B34000C999AF /* Default-568h@2x.png in Resources */ = {isa = PBXBuildFile; fileRef = 6041F4D21729B34000C999AF /* Default-568h@2x.png */; };
		6041F4D61729B34000C999AF /* Default.png in Resources */ = {isa = PBXBuildFile; fileRef = 6041F4D31729B34000C999AF /* Default.png */; };
		6041F4D71729B34000C999AF /* Default@2x.png in Resources */ = {isa = PBXBuildFile; fileRef = 6041F4D41729B34000C999AF /* Default@2x.png */; };
		604624EA1725539900D00179 /* icon-camera.png in Resources */ = {isa = PBXBuildFile; fileRef = 604624E61725539900D00179 /* icon-camera.png */; };
		604624EB1725539900D00179 /* icon-library.png in Resources */ = {isa = PBXBuildFile; fileRef = 604624E71725539900D00179 /* icon-library.png */; };
		604624ED1725539900D00179 /* icon-share.png in Resources */ = {isa = PBXBuildFile; fileRef = 604624E91725539900D00179 /* icon-share.png */; };
		604624EF17257FCB00D00179 /* icon-info.png in Resources */ = {isa = PBXBuildFile; fileRef = 604624EE17257FCB00D00179 /* icon-info.png */; };
		604742521660E6A700329F03 /* Caravaggio_Fanciullo_croptop.png in Resources */ = {isa = PBXBuildFile; fileRef = 6047424D1660E6A700329F03 /* Caravaggio_Fanciullo_croptop.png */; };
		604742531660E6A700329F03 /* Cranach_AdamEve_croptop.png in Resources */ = {isa = PBXBuildFile; fileRef = 6047424E1660E6A700329F03 /* Cranach_AdamEve_croptop.png */; };
		604742541660E6A700329F03 /* Holbein_Ambassadors_croptop.png in Resources */ = {isa = PBXBuildFile; fileRef = 6047424F1660E6A700329F03 /* Holbein_Ambassadors_croptop.png */; };
		604742551660E6A700329F03 /* Manet_Dejeuner_croptop.png in Resources */ = {isa = PBXBuildFile; fileRef = 604742501660E6A700329F03 /* Manet_Dejeuner_croptop.png */; };
		604742561660E6A700329F03 /* Michelangelo_CreationAdam_croptop.png in Resources */ = {isa = PBXBuildFile; fileRef = 604742511660E6A700329F03 /* Michelangelo_CreationAdam_croptop.png */; };
		604D7F381747752B00BCAB40 /* Bosch_TheGarden_croptop.png in Resources */ = {isa = PBXBuildFile; fileRef = 604D7F361747752B00BCAB40 /* Bosch_TheGarden_croptop.png */; };
		604D7F391747752B00BCAB40 /* Bosch_TheGarden.png in Resources */ = {isa = PBXBuildFile; fileRef = 604D7F371747752B00BCAB40 /* Bosch_TheGarden.png */; };
		604D7F3C174792E400BCAB40 /* Durer_Lobster_croptop.png in Resources */ = {isa = PBXBuildFile; fileRef = 604D7F3A174792E400BCAB40 /* Durer_Lobster_croptop.png */; };
		604D7F3D174792E400BCAB40 /* Durer_Lobster.png in Resources */ = {isa = PBXBuildFile; fileRef = 604D7F3B174792E400BCAB40 /* Durer_Lobster.png */; };
		604D7F441747BF8B00BCAB40 /* Blake_Nebuchadnezzar_croptop.png in Resources */ = {isa = PBXBuildFile; fileRef = 604D7F421747BF8B00BCAB40 /* Blake_Nebuchadnezzar_croptop.png */; };
		604D7F451747BF8B00BCAB40 /* Blake_Nebuchadnezzar.png in Resources */ = {isa = PBXBuildFile; fileRef = 604D7F431747BF8B00BCAB40 /* Blake_Nebuchadnezzar.png */; };
		6052979F1727E8A900B832AC /* InfoController.m in Sources */ = {isa = PBXBuildFile; fileRef = 6052979E1727E8A900B832AC /* InfoController.m */; };
		60650C04174A654000FC2281 /* Caravaggio_Fanciullo.png in Resources */ = {isa = PBXBuildFile; fileRef = 60650C03174A654000FC2281 /* Caravaggio_Fanciullo.png */; };
		60650C06174A67FD00FC2281 /* Cranach_AdamEve.png in Resources */ = {isa = PBXBuildFile; fileRef = 60650C05174A67FD00FC2281 /* Cranach_AdamEve.png */; };
		60650C08174A6B0400FC2281 /* Holbein_Ambassadors.png in Resources */ = {isa = PBXBuildFile; fileRef = 60650C07174A6B0400FC2281 /* Holbein_Ambassadors.png */; };
		60650C0A174A708F00FC2281 /* Manet_Dejeuner.png in Resources */ = {isa = PBXBuildFile; fileRef = 60650C09174A708F00FC2281 /* Manet_Dejeuner.png */; };
		6065970E17528AE40072B8D6 /* Rousseau_Mandrill_croptop.png in Resources */ = {isa = PBXBuildFile; fileRef = 6065970C17528AE30072B8D6 /* Rousseau_Mandrill_croptop.png */; };
		6065970F17528AE40072B8D6 /* Rousseau_Mandrill.png in Resources */ = {isa = PBXBuildFile; fileRef = 6065970D17528AE30072B8D6 /* Rousseau_Mandrill.png */; };
		60760FA51742E3E9007B728E /* Caravaggio_Medusa.png in Resources */ = {isa = PBXBuildFile; fileRef = 60760FA31742E3E9007B728E /* Caravaggio_Medusa.png */; };
		60760FA81742E5B4007B728E /* Caravaggio_Medusa_croptop.png in Resources */ = {isa = PBXBuildFile; fileRef = 60760FA71742E5B4007B728E /* Caravaggio_Medusa_croptop.png */; };
		608A54EF17463C5300A5E746 /* LeNainBrothers_AllegoryOfVictory_croptop.png in Resources */ = {isa = PBXBuildFile; fileRef = 608A54ED17463C5300A5E746 /* LeNainBrothers_AllegoryOfVictory_croptop.png */; };
		608A54F017463C5300A5E746 /* LeNainBrothers_AllegoryofVictory.png in Resources */ = {isa = PBXBuildFile; fileRef = 608A54EE17463C5300A5E746 /* LeNainBrothers_AllegoryofVictory.png */; };
		608A54F7174649B700A5E746 /* North_Flor_croptop.png in Resources */ = {isa = PBXBuildFile; fileRef = 608A54F5174649B700A5E746 /* North_Flor_croptop.png */; };
		608A54FA17465FA900A5E746 /* North_Flor.png in Resources */ = {isa = PBXBuildFile; fileRef = 608A54F917465FA900A5E746 /* North_Flor.png */; };
		608C6EC5172AB022001ACB6E /* info.png in Resources */ = {isa = PBXBuildFile; fileRef = 608C6EC4172AB022001ACB6E /* info.png */; };
		60907ADA166BAF090080B835 /* QuartzCore.framework in Frameworks */ = {isa = PBXBuildFile; fileRef = 60907AD9166BAF090080B835 /* QuartzCore.framework */; };
		60921D3C1733E216007F34E8 /* icon-contact.png in Resources */ = {isa = PBXBuildFile; fileRef = 60921D3B1733E216007F34E8 /* icon-contact.png */; };
		609D0FB51632949700E08660 /* UIKit.framework in Frameworks */ = {isa = PBXBuildFile; fileRef = 609D0FB41632949700E08660 /* UIKit.framework */; };
		609D0FB71632949800E08660 /* Foundation.framework in Frameworks */ = {isa = PBXBuildFile; fileRef = 609D0FB61632949700E08660 /* Foundation.framework */; };
		609D0FB91632949800E08660 /* CoreGraphics.framework in Frameworks */ = {isa = PBXBuildFile; fileRef = 609D0FB81632949800E08660 /* CoreGraphics.framework */; };
		609D0FBF1632949800E08660 /* InfoPlist.strings in Resources */ = {isa = PBXBuildFile; fileRef = 609D0FBD1632949800E08660 /* InfoPlist.strings */; };
		609D0FC11632949800E08660 /* main.m in Sources */ = {isa = PBXBuildFile; fileRef = 609D0FC01632949800E08660 /* main.m */; };
		609D0FC51632949800E08660 /* AppDelegate.m in Sources */ = {isa = PBXBuildFile; fileRef = 609D0FC41632949800E08660 /* AppDelegate.m */; };
		609D0FCE1632949800E08660 /* MainStoryboard_iPhone.storyboard in Resources */ = {isa = PBXBuildFile; fileRef = 609D0FCC1632949800E08660 /* MainStoryboard_iPhone.storyboard */; };
		609D0FD41632949800E08660 /* CanvasViewController.m in Sources */ = {isa = PBXBuildFile; fileRef = 609D0FD31632949800E08660 /* CanvasViewController.m */; };
		609D0FDF1632949800E08660 /* SenTestingKit.framework in Frameworks */ = {isa = PBXBuildFile; fileRef = 609D0FDE1632949800E08660 /* SenTestingKit.framework */; };
		609D0FE01632949800E08660 /* UIKit.framework in Frameworks */ = {isa = PBXBuildFile; fileRef = 609D0FB41632949700E08660 /* UIKit.framework */; };
		609D0FE11632949800E08660 /* Foundation.framework in Frameworks */ = {isa = PBXBuildFile; fileRef = 609D0FB61632949700E08660 /* Foundation.framework */; };
		609D0FE91632949800E08660 /* InfoPlist.strings in Resources */ = {isa = PBXBuildFile; fileRef = 609D0FE71632949800E08660 /* InfoPlist.strings */; };
		609D0FEC1632949800E08660 /* AppropTests.m in Sources */ = {isa = PBXBuildFile; fileRef = 609D0FEB1632949800E08660 /* AppropTests.m */; };
		609D0FF6163298C400E08660 /* MobileCoreServices.framework in Frameworks */ = {isa = PBXBuildFile; fileRef = 609D0FF5163298C400E08660 /* MobileCoreServices.framework */; };
		609D0FF8163298CC00E08660 /* CoreFoundation.framework in Frameworks */ = {isa = PBXBuildFile; fileRef = 609D0FF7163298CC00E08660 /* CoreFoundation.framework */; };
		609D0FFC163298DB00E08660 /* CoreLocation.framework in Frameworks */ = {isa = PBXBuildFile; fileRef = 609D0FFB163298DB00E08660 /* CoreLocation.framework */; };
		609D0FFE163298E400E08660 /* CFNetwork.framework in Frameworks */ = {isa = PBXBuildFile; fileRef = 609D0FFD163298E400E08660 /* CFNetwork.framework */; };
		609D1000163298F000E08660 /* MessageUI.framework in Frameworks */ = {isa = PBXBuildFile; fileRef = 609D0FFF163298F000E08660 /* MessageUI.framework */; };
		609D1002163298F900E08660 /* Security.framework in Frameworks */ = {isa = PBXBuildFile; fileRef = 609D1001163298F900E08660 /* Security.framework */; };
		609D10041632990500E08660 /* SystemConfiguration.framework in Frameworks */ = {isa = PBXBuildFile; fileRef = 609D10031632990500E08660 /* SystemConfiguration.framework */; };
		60C5D620172EC5F000D85EFD /* UIImage+fixOrientation.m in Sources */ = {isa = PBXBuildFile; fileRef = 60C5D61F172EC5F000D85EFD /* UIImage+fixOrientation.m */; };
		60CDFE35174940680057DB81 /* Rozanova_Room_croptop.png in Resources */ = {isa = PBXBuildFile; fileRef = 60CDFE33174940680057DB81 /* Rozanova_Room_croptop.png */; };
		60CDFE36174940680057DB81 /* Rozanova_Room.png in Resources */ = {isa = PBXBuildFile; fileRef = 60CDFE34174940680057DB81 /* Rozanova_Room.png */; };
		60CDFE3A174980CD0057DB81 /* Hokusai_FiveFans.png in Resources */ = {isa = PBXBuildFile; fileRef = 60CDFE38174980CD0057DB81 /* Hokusai_FiveFans.png */; };
		60CDFE3C174981040057DB81 /* Hokusai_FiveFans_croptop.png in Resources */ = {isa = PBXBuildFile; fileRef = 60CDFE3B174981040057DB81 /* Hokusai_FiveFans_croptop.png */; };
		60E06FC11635A17D00BFB6D0 /* Michelangelo_CreationAdam.png in Resources */ = {isa = PBXBuildFile; fileRef = 60E06FB91635A17C00BFB6D0 /* Michelangelo_CreationAdam.png */; };
		60E06FC21635A17D00BFB6D0 /* paintings.plist in Resources */ = {isa = PBXBuildFile; fileRef = 60E06FBA1635A17D00BFB6D0 /* paintings.plist */; };
		60EB3383174D381A00F3F600 /* pattern-568@2x.png in Resources */ = {isa = PBXBuildFile; fileRef = 60EB3380174D381A00F3F600 /* pattern-568@2x.png */; };
		60EB3384174D381A00F3F600 /* pattern.png in Resources */ = {isa = PBXBuildFile; fileRef = 60EB3381174D381A00F3F600 /* pattern.png */; };
		60EB3385174D381A00F3F600 /* pattern@2x.png in Resources */ = {isa = PBXBuildFile; fileRef = 60EB3382174D381A00F3F600 /* pattern@2x.png */; };
		60EE9DB61743AC4800DFA86F /* Sargent_ClaudeMonetPaintingByTheEdgeOfAWood.png in Resources */ = {isa = PBXBuildFile; fileRef = 60EE9DB41743AC4800DFA86F /* Sargent_ClaudeMonetPaintingByTheEdgeOfAWood.png */; };
		60EE9DB71743AC4800DFA86F /* Sargent_ClaudeMonetPaintingByTheEdgeOfAWood+croptop.png in Resources */ = {isa = PBXBuildFile; fileRef = 60EE9DB51743AC4800DFA86F /* Sargent_ClaudeMonetPaintingByTheEdgeOfAWood+croptop.png */; };
		60EE9DBA1743D59200DFA86F /* Shiele_PortraitFriederikeBeer_croptop.png in Resources */ = {isa = PBXBuildFile; fileRef = 60EE9DB81743D59200DFA86F /* Shiele_PortraitFriederikeBeer_croptop.png */; };
		60EE9DBB1743D59200DFA86F /* Shiele_PortraitFriederikeBeer.png in Resources */ = {isa = PBXBuildFile; fileRef = 60EE9DB91743D59200DFA86F /* Shiele_PortraitFriederikeBeer.png */; };
		60FB548F1744D4BF00A82CEE /* Mansur_Zebra_croptop.png in Resources */ = {isa = PBXBuildFile; fileRef = 60FB548D1744D4BF00A82CEE /* Mansur_Zebra_croptop.png */; };
		60FB54901744D4BF00A82CEE /* Mansur_Zebra.png in Resources */ = {isa = PBXBuildFile; fileRef = 60FB548E1744D4BF00A82CEE /* Mansur_Zebra.png */; };
		60FB54931744D4CC00A82CEE /* Kunisada_KanadehonChūshingura_croptop.png in Resources */ = {isa = PBXBuildFile; fileRef = 60FB54911744D4CC00A82CEE /* Kunisada_KanadehonChūshingura_croptop.png */; };
		60FB54941744D4CC00A82CEE /* Kunisada_KanadehonChūshingura.png in Resources */ = {isa = PBXBuildFile; fileRef = 60FB54921744D4CC00A82CEE /* Kunisada_KanadehonChūshingura.png */; };
		60FB54971744FA5100A82CEE /* Botticelli_Primavera_croptop.png in Resources */ = {isa = PBXBuildFile; fileRef = 60FB54951744FA5000A82CEE /* Botticelli_Primavera_croptop.png */; };
		60FB54981744FA5100A82CEE /* Botticelli_Primavera.png in Resources */ = {isa = PBXBuildFile; fileRef = 60FB54961744FA5000A82CEE /* Botticelli_Primavera.png */; };
		60FB549B17451F1700A82CEE /* Gerome_Anacreon_croptop.png in Resources */ = {isa = PBXBuildFile; fileRef = 60FB549917451F1600A82CEE /* Gerome_Anacreon_croptop.png */; };
		60FB549C17451F1700A82CEE /* Gerome_Anacreon.png in Resources */ = {isa = PBXBuildFile; fileRef = 60FB549A17451F1600A82CEE /* Gerome_Anacreon.png */; };
		60FB549F17453C4700A82CEE /* Klimt_LifeAndDeath_croptop.png in Resources */ = {isa = PBXBuildFile; fileRef = 60FB549D17453C4600A82CEE /* Klimt_LifeAndDeath_croptop.png */; };
		60FB54A017453C4700A82CEE /* Klimt_LifeAndDeath.png in Resources */ = {isa = PBXBuildFile; fileRef = 60FB549E17453C4600A82CEE /* Klimt_LifeAndDeath.png */; };
/* End PBXBuildFile section */

/* Begin PBXContainerItemProxy section */
		609D0FE21632949800E08660 /* PBXContainerItemProxy */ = {
			isa = PBXContainerItemProxy;
			containerPortal = 609D0FA71632949700E08660 /* Project object */;
			proxyType = 1;
			remoteGlobalIDString = 609D0FAF1632949700E08660;
			remoteInfo = Approp;
		};
/* End PBXContainerItemProxy section */

/* Begin PBXFileReference section */
		60045CFF1748059600A4990F /* Monet_StillLifewithPearsandGrapes_croptop.png */ = {isa = PBXFileReference; lastKnownFileType = image.png; path = Monet_StillLifewithPearsandGrapes_croptop.png; sourceTree = "<group>"; };
		60045D001748059600A4990F /* Monet_StillLifewithPearsandGrapes.png */ = {isa = PBXFileReference; lastKnownFileType = image.png; path = Monet_StillLifewithPearsandGrapes.png; sourceTree = "<group>"; };
		60045D031748BF4C00A4990F /* Titian_Sisyphus_croptop.png */ = {isa = PBXFileReference; lastKnownFileType = image.png; path = Titian_Sisyphus_croptop.png; sourceTree = "<group>"; };
		60045D041748BF4C00A4990F /* Titian_Sisyphus.png */ = {isa = PBXFileReference; lastKnownFileType = image.png; path = Titian_Sisyphus.png; sourceTree = "<group>"; };
		60045D071748D39A00A4990F /* vanGogh_SkullWithBurningCigarette_croptop.png */ = {isa = PBXFileReference; lastKnownFileType = image.png; path = vanGogh_SkullWithBurningCigarette_croptop.png; sourceTree = "<group>"; };
		60045D081748D39A00A4990F /* vanGogh_SkullWithBurningCigarette.png */ = {isa = PBXFileReference; lastKnownFileType = image.png; path = vanGogh_SkullWithBurningCigarette.png; sourceTree = "<group>"; };
		60045D0B1748F60000A4990F /* ToulouseLautrec_TheDance_croptop.png */ = {isa = PBXFileReference; lastKnownFileType = image.png; path = ToulouseLautrec_TheDance_croptop.png; sourceTree = "<group>"; };
		60045D0C1748F60000A4990F /* ToulouseLautrec_TheDance.png */ = {isa = PBXFileReference; lastKnownFileType = image.png; path = ToulouseLautrec_TheDance.png; sourceTree = "<group>"; };
		6017CFD01644256400F9F4FB /* ToolboxViewController.h */ = {isa = PBXFileReference; fileEncoding = 4; lastKnownFileType = sourcecode.c.h; path = ToolboxViewController.h; sourceTree = "<group>"; };
		6017CFD11644256400F9F4FB /* ToolboxViewController.m */ = {isa = PBXFileReference; fileEncoding = 4; lastKnownFileType = sourcecode.c.objc; path = ToolboxViewController.m; sourceTree = "<group>"; };
		602D297E17401F72006475A9 /* LicenseController.h */ = {isa = PBXFileReference; fileEncoding = 4; lastKnownFileType = sourcecode.c.h; path = LicenseController.h; sourceTree = "<group>"; };
		602D297F17401F72006475A9 /* LicenseController.m */ = {isa = PBXFileReference; fileEncoding = 4; lastKnownFileType = sourcecode.c.objc; path = LicenseController.m; sourceTree = "<group>"; };
		6041F4D21729B34000C999AF /* Default-568h@2x.png */ = {isa = PBXFileReference; lastKnownFileType = image.png; path = "Default-568h@2x.png"; sourceTree = "<group>"; };
		6041F4D31729B34000C999AF /* Default.png */ = {isa = PBXFileReference; lastKnownFileType = image.png; path = Default.png; sourceTree = "<group>"; };
		6041F4D41729B34000C999AF /* Default@2x.png */ = {isa = PBXFileReference; lastKnownFileType = image.png; path = "Default@2x.png"; sourceTree = "<group>"; };
		604624E61725539900D00179 /* icon-camera.png */ = {isa = PBXFileReference; lastKnownFileType = image.png; path = "icon-camera.png"; sourceTree = "<group>"; };
		604624E71725539900D00179 /* icon-library.png */ = {isa = PBXFileReference; lastKnownFileType = image.png; path = "icon-library.png"; sourceTree = "<group>"; };
		604624E91725539900D00179 /* icon-share.png */ = {isa = PBXFileReference; lastKnownFileType = image.png; path = "icon-share.png"; sourceTree = "<group>"; };
		604624EE17257FCB00D00179 /* icon-info.png */ = {isa = PBXFileReference; lastKnownFileType = image.png; path = "icon-info.png"; sourceTree = "<group>"; };
		6047424D1660E6A700329F03 /* Caravaggio_Fanciullo_croptop.png */ = {isa = PBXFileReference; lastKnownFileType = image.png; path = Caravaggio_Fanciullo_croptop.png; sourceTree = "<group>"; };
		6047424E1660E6A700329F03 /* Cranach_AdamEve_croptop.png */ = {isa = PBXFileReference; lastKnownFileType = image.png; path = Cranach_AdamEve_croptop.png; sourceTree = "<group>"; };
		6047424F1660E6A700329F03 /* Holbein_Ambassadors_croptop.png */ = {isa = PBXFileReference; lastKnownFileType = image.png; path = Holbein_Ambassadors_croptop.png; sourceTree = "<group>"; };
		604742501660E6A700329F03 /* Manet_Dejeuner_croptop.png */ = {isa = PBXFileReference; lastKnownFileType = image.png; path = Manet_Dejeuner_croptop.png; sourceTree = "<group>"; };
		604742511660E6A700329F03 /* Michelangelo_CreationAdam_croptop.png */ = {isa = PBXFileReference; lastKnownFileType = image.png; path = Michelangelo_CreationAdam_croptop.png; sourceTree = "<group>"; };
		604D7F361747752B00BCAB40 /* Bosch_TheGarden_croptop.png */ = {isa = PBXFileReference; lastKnownFileType = image.png; path = Bosch_TheGarden_croptop.png; sourceTree = "<group>"; };
		604D7F371747752B00BCAB40 /* Bosch_TheGarden.png */ = {isa = PBXFileReference; lastKnownFileType = image.png; path = Bosch_TheGarden.png; sourceTree = "<group>"; };
		604D7F3A174792E400BCAB40 /* Durer_Lobster_croptop.png */ = {isa = PBXFileReference; lastKnownFileType = image.png; path = Durer_Lobster_croptop.png; sourceTree = "<group>"; };
		604D7F3B174792E400BCAB40 /* Durer_Lobster.png */ = {isa = PBXFileReference; lastKnownFileType = image.png; path = Durer_Lobster.png; sourceTree = "<group>"; };
		604D7F421747BF8B00BCAB40 /* Blake_Nebuchadnezzar_croptop.png */ = {isa = PBXFileReference; lastKnownFileType = image.png; path = Blake_Nebuchadnezzar_croptop.png; sourceTree = "<group>"; };
		604D7F431747BF8B00BCAB40 /* Blake_Nebuchadnezzar.png */ = {isa = PBXFileReference; lastKnownFileType = image.png; path = Blake_Nebuchadnezzar.png; sourceTree = "<group>"; };
		6052979D1727E8A800B832AC /* InfoController.h */ = {isa = PBXFileReference; fileEncoding = 4; lastKnownFileType = sourcecode.c.h; path = InfoController.h; sourceTree = "<group>"; };
		6052979E1727E8A900B832AC /* InfoController.m */ = {isa = PBXFileReference; fileEncoding = 4; lastKnownFileType = sourcecode.c.objc; path = InfoController.m; sourceTree = "<group>"; };
		60650C03174A654000FC2281 /* Caravaggio_Fanciullo.png */ = {isa = PBXFileReference; lastKnownFileType = image.png; path = Caravaggio_Fanciullo.png; sourceTree = "<group>"; };
		60650C05174A67FD00FC2281 /* Cranach_AdamEve.png */ = {isa = PBXFileReference; lastKnownFileType = image.png; path = Cranach_AdamEve.png; sourceTree = "<group>"; };
		60650C07174A6B0400FC2281 /* Holbein_Ambassadors.png */ = {isa = PBXFileReference; lastKnownFileType = image.png; path = Holbein_Ambassadors.png; sourceTree = "<group>"; };
		60650C09174A708F00FC2281 /* Manet_Dejeuner.png */ = {isa = PBXFileReference; lastKnownFileType = image.png; path = Manet_Dejeuner.png; sourceTree = "<group>"; };
		6065970C17528AE30072B8D6 /* Rousseau_Mandrill_croptop.png */ = {isa = PBXFileReference; lastKnownFileType = image.png; path = Rousseau_Mandrill_croptop.png; sourceTree = "<group>"; };
		6065970D17528AE30072B8D6 /* Rousseau_Mandrill.png */ = {isa = PBXFileReference; lastKnownFileType = image.png; path = Rousseau_Mandrill.png; sourceTree = "<group>"; };
		60760FA31742E3E9007B728E /* Caravaggio_Medusa.png */ = {isa = PBXFileReference; lastKnownFileType = image.png; path = Caravaggio_Medusa.png; sourceTree = "<group>"; };
		60760FA71742E5B4007B728E /* Caravaggio_Medusa_croptop.png */ = {isa = PBXFileReference; lastKnownFileType = image.png; path = Caravaggio_Medusa_croptop.png; sourceTree = "<group>"; };
		608A54ED17463C5300A5E746 /* LeNainBrothers_AllegoryOfVictory_croptop.png */ = {isa = PBXFileReference; lastKnownFileType = image.png; path = LeNainBrothers_AllegoryOfVictory_croptop.png; sourceTree = "<group>"; };
		608A54EE17463C5300A5E746 /* LeNainBrothers_AllegoryofVictory.png */ = {isa = PBXFileReference; lastKnownFileType = image.png; path = LeNainBrothers_AllegoryofVictory.png; sourceTree = "<group>"; };
		608A54F5174649B700A5E746 /* North_Flor_croptop.png */ = {isa = PBXFileReference; lastKnownFileType = image.png; path = North_Flor_croptop.png; sourceTree = "<group>"; };
		608A54F917465FA900A5E746 /* North_Flor.png */ = {isa = PBXFileReference; lastKnownFileType = image.png; path = North_Flor.png; sourceTree = "<group>"; };
		608C6EC4172AB022001ACB6E /* info.png */ = {isa = PBXFileReference; lastKnownFileType = image.png; path = info.png; sourceTree = "<group>"; };
		60907AD9166BAF090080B835 /* QuartzCore.framework */ = {isa = PBXFileReference; lastKnownFileType = wrapper.framework; name = QuartzCore.framework; path = System/Library/Frameworks/QuartzCore.framework; sourceTree = SDKROOT; };
		60921D3B1733E216007F34E8 /* icon-contact.png */ = {isa = PBXFileReference; lastKnownFileType = image.png; path = "icon-contact.png"; sourceTree = "<group>"; };
		609D0FB01632949700E08660 /* Approp.app */ = {isa = PBXFileReference; explicitFileType = wrapper.application; includeInIndex = 0; path = Approp.app; sourceTree = BUILT_PRODUCTS_DIR; };
		609D0FB41632949700E08660 /* UIKit.framework */ = {isa = PBXFileReference; lastKnownFileType = wrapper.framework; name = UIKit.framework; path = System/Library/Frameworks/UIKit.framework; sourceTree = SDKROOT; };
		609D0FB61632949700E08660 /* Foundation.framework */ = {isa = PBXFileReference; lastKnownFileType = wrapper.framework; name = Foundation.framework; path = System/Library/Frameworks/Foundation.framework; sourceTree = SDKROOT; };
		609D0FB81632949800E08660 /* CoreGraphics.framework */ = {isa = PBXFileReference; lastKnownFileType = wrapper.framework; name = CoreGraphics.framework; path = System/Library/Frameworks/CoreGraphics.framework; sourceTree = SDKROOT; };
		609D0FBC1632949800E08660 /* Approp-Info.plist */ = {isa = PBXFileReference; lastKnownFileType = text.plist.xml; path = "Approp-Info.plist"; sourceTree = "<group>"; };
		609D0FBE1632949800E08660 /* en */ = {isa = PBXFileReference; lastKnownFileType = text.plist.strings; name = en; path = en.lproj/InfoPlist.strings; sourceTree = "<group>"; };
		609D0FC01632949800E08660 /* main.m */ = {isa = PBXFileReference; lastKnownFileType = sourcecode.c.objc; path = main.m; sourceTree = "<group>"; };
		609D0FC21632949800E08660 /* Approp-Prefix.pch */ = {isa = PBXFileReference; lastKnownFileType = sourcecode.c.h; path = "Approp-Prefix.pch"; sourceTree = "<group>"; };
		609D0FC31632949800E08660 /* AppDelegate.h */ = {isa = PBXFileReference; lastKnownFileType = sourcecode.c.h; path = AppDelegate.h; sourceTree = "<group>"; };
		609D0FC41632949800E08660 /* AppDelegate.m */ = {isa = PBXFileReference; lastKnownFileType = sourcecode.c.objc; path = AppDelegate.m; sourceTree = "<group>"; };
		609D0FCD1632949800E08660 /* en */ = {isa = PBXFileReference; lastKnownFileType = file.storyboard; name = en; path = en.lproj/MainStoryboard_iPhone.storyboard; sourceTree = "<group>"; };
		609D0FD21632949800E08660 /* CanvasViewController.h */ = {isa = PBXFileReference; lastKnownFileType = sourcecode.c.h; path = CanvasViewController.h; sourceTree = "<group>"; };
		609D0FD31632949800E08660 /* CanvasViewController.m */ = {isa = PBXFileReference; lastKnownFileType = sourcecode.c.objc; path = CanvasViewController.m; sourceTree = "<group>"; };
		609D0FDD1632949800E08660 /* AppropTests.octest */ = {isa = PBXFileReference; explicitFileType = wrapper.cfbundle; includeInIndex = 0; path = AppropTests.octest; sourceTree = BUILT_PRODUCTS_DIR; };
		609D0FDE1632949800E08660 /* SenTestingKit.framework */ = {isa = PBXFileReference; lastKnownFileType = wrapper.framework; name = SenTestingKit.framework; path = Library/Frameworks/SenTestingKit.framework; sourceTree = DEVELOPER_DIR; };
		609D0FE61632949800E08660 /* AppropTests-Info.plist */ = {isa = PBXFileReference; lastKnownFileType = text.plist.xml; path = "AppropTests-Info.plist"; sourceTree = "<group>"; };
		609D0FE81632949800E08660 /* en */ = {isa = PBXFileReference; lastKnownFileType = text.plist.strings; name = en; path = en.lproj/InfoPlist.strings; sourceTree = "<group>"; };
		609D0FEA1632949800E08660 /* AppropTests.h */ = {isa = PBXFileReference; lastKnownFileType = sourcecode.c.h; path = AppropTests.h; sourceTree = "<group>"; };
		609D0FEB1632949800E08660 /* AppropTests.m */ = {isa = PBXFileReference; lastKnownFileType = sourcecode.c.objc; path = AppropTests.m; sourceTree = "<group>"; };
		609D0FF5163298C400E08660 /* MobileCoreServices.framework */ = {isa = PBXFileReference; lastKnownFileType = wrapper.framework; name = MobileCoreServices.framework; path = System/Library/Frameworks/MobileCoreServices.framework; sourceTree = SDKROOT; };
		609D0FF7163298CC00E08660 /* CoreFoundation.framework */ = {isa = PBXFileReference; lastKnownFileType = wrapper.framework; name = CoreFoundation.framework; path = System/Library/Frameworks/CoreFoundation.framework; sourceTree = SDKROOT; };
		609D0FFB163298DB00E08660 /* CoreLocation.framework */ = {isa = PBXFileReference; lastKnownFileType = wrapper.framework; name = CoreLocation.framework; path = System/Library/Frameworks/CoreLocation.framework; sourceTree = SDKROOT; };
		609D0FFD163298E400E08660 /* CFNetwork.framework */ = {isa = PBXFileReference; lastKnownFileType = wrapper.framework; name = CFNetwork.framework; path = System/Library/Frameworks/CFNetwork.framework; sourceTree = SDKROOT; };
		609D0FFF163298F000E08660 /* MessageUI.framework */ = {isa = PBXFileReference; lastKnownFileType = wrapper.framework; name = MessageUI.framework; path = System/Library/Frameworks/MessageUI.framework; sourceTree = SDKROOT; };
		609D1001163298F900E08660 /* Security.framework */ = {isa = PBXFileReference; lastKnownFileType = wrapper.framework; name = Security.framework; path = System/Library/Frameworks/Security.framework; sourceTree = SDKROOT; };
		609D10031632990500E08660 /* SystemConfiguration.framework */ = {isa = PBXFileReference; lastKnownFileType = wrapper.framework; name = SystemConfiguration.framework; path = System/Library/Frameworks/SystemConfiguration.framework; sourceTree = SDKROOT; };
		60C5D61E172EC5F000D85EFD /* UIImage+fixOrientation.h */ = {isa = PBXFileReference; fileEncoding = 4; lastKnownFileType = sourcecode.c.h; path = "UIImage+fixOrientation.h"; sourceTree = "<group>"; };
		60C5D61F172EC5F000D85EFD /* UIImage+fixOrientation.m */ = {isa = PBXFileReference; fileEncoding = 4; lastKnownFileType = sourcecode.c.objc; path = "UIImage+fixOrientation.m"; sourceTree = "<group>"; };
		60CDFE33174940680057DB81 /* Rozanova_Room_croptop.png */ = {isa = PBXFileReference; lastKnownFileType = image.png; path = Rozanova_Room_croptop.png; sourceTree = "<group>"; };
		60CDFE34174940680057DB81 /* Rozanova_Room.png */ = {isa = PBXFileReference; lastKnownFileType = image.png; path = Rozanova_Room.png; sourceTree = "<group>"; };
		60CDFE38174980CD0057DB81 /* Hokusai_FiveFans.png */ = {isa = PBXFileReference; lastKnownFileType = image.png; path = Hokusai_FiveFans.png; sourceTree = "<group>"; };
		60CDFE3B174981040057DB81 /* Hokusai_FiveFans_croptop.png */ = {isa = PBXFileReference; lastKnownFileType = image.png; path = Hokusai_FiveFans_croptop.png; sourceTree = "<group>"; };
		60E06FB91635A17C00BFB6D0 /* Michelangelo_CreationAdam.png */ = {isa = PBXFileReference; lastKnownFileType = image.png; path = Michelangelo_CreationAdam.png; sourceTree = "<group>"; };
		60E06FBA1635A17D00BFB6D0 /* paintings.plist */ = {isa = PBXFileReference; fileEncoding = 4; lastKnownFileType = text.plist.xml; path = paintings.plist; sourceTree = "<group>"; };
		60EB3380174D381A00F3F600 /* pattern-568@2x.png */ = {isa = PBXFileReference; lastKnownFileType = image.png; path = "pattern-568@2x.png"; sourceTree = "<group>"; };
		60EB3381174D381A00F3F600 /* pattern.png */ = {isa = PBXFileReference; lastKnownFileType = image.png; path = pattern.png; sourceTree = "<group>"; };
		60EB3382174D381A00F3F600 /* pattern@2x.png */ = {isa = PBXFileReference; lastKnownFileType = image.png; path = "pattern@2x.png"; sourceTree = "<group>"; };
		60EE9DB41743AC4800DFA86F /* Sargent_ClaudeMonetPaintingByTheEdgeOfAWood.png */ = {isa = PBXFileReference; lastKnownFileType = image.png; path = Sargent_ClaudeMonetPaintingByTheEdgeOfAWood.png; sourceTree = "<group>"; };
		60EE9DB51743AC4800DFA86F /* Sargent_ClaudeMonetPaintingByTheEdgeOfAWood+croptop.png */ = {isa = PBXFileReference; lastKnownFileType = image.png; path = "Sargent_ClaudeMonetPaintingByTheEdgeOfAWood+croptop.png"; sourceTree = "<group>"; };
		60EE9DB81743D59200DFA86F /* Shiele_PortraitFriederikeBeer_croptop.png */ = {isa = PBXFileReference; lastKnownFileType = image.png; path = Shiele_PortraitFriederikeBeer_croptop.png; sourceTree = "<group>"; };
		60EE9DB91743D59200DFA86F /* Shiele_PortraitFriederikeBeer.png */ = {isa = PBXFileReference; lastKnownFileType = image.png; path = Shiele_PortraitFriederikeBeer.png; sourceTree = "<group>"; };
		60FB548D1744D4BF00A82CEE /* Mansur_Zebra_croptop.png */ = {isa = PBXFileReference; lastKnownFileType = image.png; path = Mansur_Zebra_croptop.png; sourceTree = "<group>"; };
		60FB548E1744D4BF00A82CEE /* Mansur_Zebra.png */ = {isa = PBXFileReference; lastKnownFileType = image.png; path = Mansur_Zebra.png; sourceTree = "<group>"; };
		60FB54911744D4CC00A82CEE /* Kunisada_KanadehonChūshingura_croptop.png */ = {isa = PBXFileReference; lastKnownFileType = image.png; path = "Kunisada_KanadehonChūshingura_croptop.png"; sourceTree = "<group>"; };
		60FB54921744D4CC00A82CEE /* Kunisada_KanadehonChūshingura.png */ = {isa = PBXFileReference; lastKnownFileType = image.png; path = "Kunisada_KanadehonChūshingura.png"; sourceTree = "<group>"; };
		60FB54951744FA5000A82CEE /* Botticelli_Primavera_croptop.png */ = {isa = PBXFileReference; lastKnownFileType = image.png; path = Botticelli_Primavera_croptop.png; sourceTree = "<group>"; };
		60FB54961744FA5000A82CEE /* Botticelli_Primavera.png */ = {isa = PBXFileReference; lastKnownFileType = image.png; path = Botticelli_Primavera.png; sourceTree = "<group>"; };
		60FB549917451F1600A82CEE /* Gerome_Anacreon_croptop.png */ = {isa = PBXFileReference; lastKnownFileType = image.png; path = Gerome_Anacreon_croptop.png; sourceTree = "<group>"; };
		60FB549A17451F1600A82CEE /* Gerome_Anacreon.png */ = {isa = PBXFileReference; lastKnownFileType = image.png; path = Gerome_Anacreon.png; sourceTree = "<group>"; };
		60FB549D17453C4600A82CEE /* Klimt_LifeAndDeath_croptop.png */ = {isa = PBXFileReference; lastKnownFileType = image.png; path = Klimt_LifeAndDeath_croptop.png; sourceTree = "<group>"; };
		60FB549E17453C4600A82CEE /* Klimt_LifeAndDeath.png */ = {isa = PBXFileReference; lastKnownFileType = image.png; path = Klimt_LifeAndDeath.png; sourceTree = "<group>"; };
/* End PBXFileReference section */

/* Begin PBXFrameworksBuildPhase section */
		609D0FAD1632949700E08660 /* Frameworks */ = {
			isa = PBXFrameworksBuildPhase;
			buildActionMask = 2147483647;
			files = (
				609D1000163298F000E08660 /* MessageUI.framework in Frameworks */,
				60907ADA166BAF090080B835 /* QuartzCore.framework in Frameworks */,
				609D0FB91632949800E08660 /* CoreGraphics.framework in Frameworks */,
				609D0FB71632949800E08660 /* Foundation.framework in Frameworks */,
				609D0FB51632949700E08660 /* UIKit.framework in Frameworks */,
				609D10041632990500E08660 /* SystemConfiguration.framework in Frameworks */,
				609D1002163298F900E08660 /* Security.framework in Frameworks */,
				609D0FFE163298E400E08660 /* CFNetwork.framework in Frameworks */,
				609D0FFC163298DB00E08660 /* CoreLocation.framework in Frameworks */,
				609D0FF8163298CC00E08660 /* CoreFoundation.framework in Frameworks */,
				609D0FF6163298C400E08660 /* MobileCoreServices.framework in Frameworks */,
			);
			runOnlyForDeploymentPostprocessing = 0;
		};
		609D0FD91632949800E08660 /* Frameworks */ = {
			isa = PBXFrameworksBuildPhase;
			buildActionMask = 2147483647;
			files = (
				609D0FDF1632949800E08660 /* SenTestingKit.framework in Frameworks */,
				609D0FE01632949800E08660 /* UIKit.framework in Frameworks */,
				609D0FE11632949800E08660 /* Foundation.framework in Frameworks */,
			);
			runOnlyForDeploymentPostprocessing = 0;
		};
/* End PBXFrameworksBuildPhase section */

/* Begin PBXGroup section */
		609D0FA51632949700E08660 = {
			isa = PBXGroup;
			children = (
				609D0FBA1632949800E08660 /* Approp */,
				609D0FE41632949800E08660 /* AppropTests */,
				609D0FB31632949700E08660 /* Frameworks */,
				609D0FB11632949700E08660 /* Products */,
				60E06FB21635A17C00BFB6D0 /* Resources */,
			);
			sourceTree = "<group>";
		};
		609D0FB11632949700E08660 /* Products */ = {
			isa = PBXGroup;
			children = (
				609D0FB01632949700E08660 /* Approp.app */,
				609D0FDD1632949800E08660 /* AppropTests.octest */,
			);
			name = Products;
			sourceTree = "<group>";
		};
		609D0FB31632949700E08660 /* Frameworks */ = {
			isa = PBXGroup;
			children = (
				60907AD9166BAF090080B835 /* QuartzCore.framework */,
				609D10031632990500E08660 /* SystemConfiguration.framework */,
				609D1001163298F900E08660 /* Security.framework */,
				609D0FFF163298F000E08660 /* MessageUI.framework */,
				609D0FFD163298E400E08660 /* CFNetwork.framework */,
				609D0FFB163298DB00E08660 /* CoreLocation.framework */,
				609D0FF7163298CC00E08660 /* CoreFoundation.framework */,
				609D0FF5163298C400E08660 /* MobileCoreServices.framework */,
				609D0FB41632949700E08660 /* UIKit.framework */,
				609D0FB61632949700E08660 /* Foundation.framework */,
				609D0FB81632949800E08660 /* CoreGraphics.framework */,
				609D0FDE1632949800E08660 /* SenTestingKit.framework */,
			);
			name = Frameworks;
			sourceTree = "<group>";
		};
		609D0FBA1632949800E08660 /* Approp */ = {
			isa = PBXGroup;
			children = (
				609D0FCC1632949800E08660 /* MainStoryboard_iPhone.storyboard */,
				609D0FC31632949800E08660 /* AppDelegate.h */,
				609D0FC41632949800E08660 /* AppDelegate.m */,
				6017CFD01644256400F9F4FB /* ToolboxViewController.h */,
				6017CFD11644256400F9F4FB /* ToolboxViewController.m */,
				609D0FD21632949800E08660 /* CanvasViewController.h */,
				609D0FD31632949800E08660 /* CanvasViewController.m */,
				6052979D1727E8A800B832AC /* InfoController.h */,
				6052979E1727E8A900B832AC /* InfoController.m */,
				602D297E17401F72006475A9 /* LicenseController.h */,
				602D297F17401F72006475A9 /* LicenseController.m */,
				60C5D61E172EC5F000D85EFD /* UIImage+fixOrientation.h */,
				60C5D61F172EC5F000D85EFD /* UIImage+fixOrientation.m */,
				609D0FBB1632949800E08660 /* Supporting Files */,
			);
			path = Approp;
			sourceTree = "<group>";
		};
		609D0FBB1632949800E08660 /* Supporting Files */ = {
			isa = PBXGroup;
			children = (
				609D0FBC1632949800E08660 /* Approp-Info.plist */,
				609D0FBD1632949800E08660 /* InfoPlist.strings */,
				609D0FC01632949800E08660 /* main.m */,
				609D0FC21632949800E08660 /* Approp-Prefix.pch */,
			);
			name = "Supporting Files";
			sourceTree = "<group>";
		};
		609D0FE41632949800E08660 /* AppropTests */ = {
			isa = PBXGroup;
			children = (
				609D0FEA1632949800E08660 /* AppropTests.h */,
				609D0FEB1632949800E08660 /* AppropTests.m */,
				609D0FE51632949800E08660 /* Supporting Files */,
			);
			path = AppropTests;
			sourceTree = "<group>";
		};
		609D0FE51632949800E08660 /* Supporting Files */ = {
			isa = PBXGroup;
			children = (
				609D0FE61632949800E08660 /* AppropTests-Info.plist */,
				609D0FE71632949800E08660 /* InfoPlist.strings */,
			);
			name = "Supporting Files";
			sourceTree = "<group>";
		};
		60E06FB21635A17C00BFB6D0 /* Resources */ = {
			isa = PBXGroup;
			children = (
				604D7F421747BF8B00BCAB40 /* Blake_Nebuchadnezzar_croptop.png */,
				604D7F431747BF8B00BCAB40 /* Blake_Nebuchadnezzar.png */,
				604D7F361747752B00BCAB40 /* Bosch_TheGarden_croptop.png */,
				604D7F371747752B00BCAB40 /* Bosch_TheGarden.png */,
				60FB54951744FA5000A82CEE /* Botticelli_Primavera_croptop.png */,
				60FB54961744FA5000A82CEE /* Botticelli_Primavera.png */,
				60650C03174A654000FC2281 /* Caravaggio_Fanciullo.png */,
				6047424D1660E6A700329F03 /* Caravaggio_Fanciullo_croptop.png */,
				60760FA31742E3E9007B728E /* Caravaggio_Medusa.png */,
				60760FA71742E5B4007B728E /* Caravaggio_Medusa_croptop.png */,
				60650C05174A67FD00FC2281 /* Cranach_AdamEve.png */,
				6047424E1660E6A700329F03 /* Cranach_AdamEve_croptop.png */,
				6041F4D21729B34000C999AF /* Default-568h@2x.png */,
				6041F4D31729B34000C999AF /* Default.png */,
				6041F4D41729B34000C999AF /* Default@2x.png */,
				604D7F3A174792E400BCAB40 /* Durer_Lobster_croptop.png */,
				604D7F3B174792E400BCAB40 /* Durer_Lobster.png */,
				60FB549917451F1600A82CEE /* Gerome_Anacreon_croptop.png */,
				60FB549A17451F1600A82CEE /* Gerome_Anacreon.png */,
				60CDFE3B174981040057DB81 /* Hokusai_FiveFans_croptop.png */,
				60CDFE38174980CD0057DB81 /* Hokusai_FiveFans.png */,
				6047424F1660E6A700329F03 /* Holbein_Ambassadors_croptop.png */,
				60650C07174A6B0400FC2281 /* Holbein_Ambassadors.png */,
				608C6EC4172AB022001ACB6E /* info.png */,
				604624E61725539900D00179 /* icon-camera.png */,
				60921D3B1733E216007F34E8 /* icon-contact.png */,
				604624EE17257FCB00D00179 /* icon-info.png */,
				604624E71725539900D00179 /* icon-library.png */,
				604624E91725539900D00179 /* icon-share.png */,
				60FB549D17453C4600A82CEE /* Klimt_LifeAndDeath_croptop.png */,
				60FB549E17453C4600A82CEE /* Klimt_LifeAndDeath.png */,
				60FB54911744D4CC00A82CEE /* Kunisada_KanadehonChūshingura_croptop.png */,
				60FB54921744D4CC00A82CEE /* Kunisada_KanadehonChūshingura.png */,
				608A54ED17463C5300A5E746 /* LeNainBrothers_AllegoryOfVictory_croptop.png */,
				608A54EE17463C5300A5E746 /* LeNainBrothers_AllegoryofVictory.png */,
				60650C09174A708F00FC2281 /* Manet_Dejeuner.png */,
				604742501660E6A700329F03 /* Manet_Dejeuner_croptop.png */,
				60FB548D1744D4BF00A82CEE /* Mansur_Zebra_croptop.png */,
				60FB548E1744D4BF00A82CEE /* Mansur_Zebra.png */,
				60EE9DB41743AC4800DFA86F /* Sargent_ClaudeMonetPaintingByTheEdgeOfAWood.png */,
				60EE9DB51743AC4800DFA86F /* Sargent_ClaudeMonetPaintingByTheEdgeOfAWood+croptop.png */,
				60EE9DB81743D59200DFA86F /* Shiele_PortraitFriederikeBeer_croptop.png */,
				60EE9DB91743D59200DFA86F /* Shiele_PortraitFriederikeBeer.png */,
				60E06FB91635A17C00BFB6D0 /* Michelangelo_CreationAdam.png */,
				604742511660E6A700329F03 /* Michelangelo_CreationAdam_croptop.png */,
				60045CFF1748059600A4990F /* Monet_StillLifewithPearsandGrapes_croptop.png */,
				60045D001748059600A4990F /* Monet_StillLifewithPearsandGrapes.png */,
				608A54F917465FA900A5E746 /* North_Flor.png */,
				608A54F5174649B700A5E746 /* North_Flor_croptop.png */,
				60E06FBA1635A17D00BFB6D0 /* paintings.plist */,
				60EB3380174D381A00F3F600 /* pattern-568@2x.png */,
				60EB3381174D381A00F3F600 /* pattern.png */,
				60EB3382174D381A00F3F600 /* pattern@2x.png */,
				6065970C17528AE30072B8D6 /* Rousseau_Mandrill_croptop.png */,
				6065970D17528AE30072B8D6 /* Rousseau_Mandrill.png */,
				60CDFE33174940680057DB81 /* Rozanova_Room_croptop.png */,
				60CDFE34174940680057DB81 /* Rozanova_Room.png */,
				60045D031748BF4C00A4990F /* Titian_Sisyphus_croptop.png */,
				60045D041748BF4C00A4990F /* Titian_Sisyphus.png */,
				60045D0B1748F60000A4990F /* ToulouseLautrec_TheDance_croptop.png */,
				60045D0C1748F60000A4990F /* ToulouseLautrec_TheDance.png */,
				60045D071748D39A00A4990F /* vanGogh_SkullWithBurningCigarette_croptop.png */,
				60045D081748D39A00A4990F /* vanGogh_SkullWithBurningCigarette.png */,
			);
			path = Resources;
			sourceTree = "<group>";
		};
/* End PBXGroup section */

/* Begin PBXNativeTarget section */
		609D0FAF1632949700E08660 /* Approp */ = {
			isa = PBXNativeTarget;
			buildConfigurationList = 609D0FEF1632949800E08660 /* Build configuration list for PBXNativeTarget "Approp" */;
			buildPhases = (
				609D0FAC1632949700E08660 /* Sources */,
				609D0FAD1632949700E08660 /* Frameworks */,
				609D0FAE1632949700E08660 /* Resources */,
				612C961BA1D5409B9A0BDC5F /* Copy Pods Resources */,
			);
			buildRules = (
			);
			dependencies = (
			);
			name = Approp;
			productName = Approp;
			productReference = 609D0FB01632949700E08660 /* Approp.app */;
			productType = "com.apple.product-type.application";
		};
		609D0FDC1632949800E08660 /* AppropTests */ = {
			isa = PBXNativeTarget;
			buildConfigurationList = 609D0FF21632949800E08660 /* Build configuration list for PBXNativeTarget "AppropTests" */;
			buildPhases = (
				609D0FD81632949800E08660 /* Sources */,
				609D0FD91632949800E08660 /* Frameworks */,
				609D0FDA1632949800E08660 /* Resources */,
				609D0FDB1632949800E08660 /* ShellScript */,
			);
			buildRules = (
			);
			dependencies = (
				609D0FE31632949800E08660 /* PBXTargetDependency */,
			);
			name = AppropTests;
			productName = AppropTests;
			productReference = 609D0FDD1632949800E08660 /* AppropTests.octest */;
			productType = "com.apple.product-type.bundle";
		};
/* End PBXNativeTarget section */

/* Begin PBXProject section */
		609D0FA71632949700E08660 /* Project object */ = {
			isa = PBXProject;
			attributes = {
				CLASSPREFIX = Approp;
				LastUpgradeCheck = 0450;
				ORGANIZATIONNAME = "Dianna Mertz";
			};
			buildConfigurationList = 609D0FAA1632949700E08660 /* Build configuration list for PBXProject "Approp" */;
			compatibilityVersion = "Xcode 3.2";
			developmentRegion = English;
			hasScannedForEncodings = 0;
			knownRegions = (
				en,
			);
			mainGroup = 609D0FA51632949700E08660;
			productRefGroup = 609D0FB11632949700E08660 /* Products */;
			projectDirPath = "";
			projectRoot = "";
			targets = (
				609D0FAF1632949700E08660 /* Approp */,
				609D0FDC1632949800E08660 /* AppropTests */,
			);
		};
/* End PBXProject section */

/* Begin PBXResourcesBuildPhase section */
		609D0FAE1632949700E08660 /* Resources */ = {
			isa = PBXResourcesBuildPhase;
			buildActionMask = 2147483647;
			files = (
				609D0FBF1632949800E08660 /* InfoPlist.strings in Resources */,
				609D0FCE1632949800E08660 /* MainStoryboard_iPhone.storyboard in Resources */,
				60E06FC11635A17D00BFB6D0 /* Michelangelo_CreationAdam.png in Resources */,
				60E06FC21635A17D00BFB6D0 /* paintings.plist in Resources */,
				604742521660E6A700329F03 /* Caravaggio_Fanciullo_croptop.png in Resources */,
				604742531660E6A700329F03 /* Cranach_AdamEve_croptop.png in Resources */,
				604742541660E6A700329F03 /* Holbein_Ambassadors_croptop.png in Resources */,
				604742551660E6A700329F03 /* Manet_Dejeuner_croptop.png in Resources */,
				604742561660E6A700329F03 /* Michelangelo_CreationAdam_croptop.png in Resources */,
				604624EA1725539900D00179 /* icon-camera.png in Resources */,
				604624EB1725539900D00179 /* icon-library.png in Resources */,
				604624ED1725539900D00179 /* icon-share.png in Resources */,
				604624EF17257FCB00D00179 /* icon-info.png in Resources */,
				6041F4D51729B34000C999AF /* Default-568h@2x.png in Resources */,
				6041F4D61729B34000C999AF /* Default.png in Resources */,
				6041F4D71729B34000C999AF /* Default@2x.png in Resources */,
				608C6EC5172AB022001ACB6E /* info.png in Resources */,
				60921D3C1733E216007F34E8 /* icon-contact.png in Resources */,
				60760FA51742E3E9007B728E /* Caravaggio_Medusa.png in Resources */,
				60760FA81742E5B4007B728E /* Caravaggio_Medusa_croptop.png in Resources */,
				60EE9DB61743AC4800DFA86F /* Sargent_ClaudeMonetPaintingByTheEdgeOfAWood.png in Resources */,
				60EE9DB71743AC4800DFA86F /* Sargent_ClaudeMonetPaintingByTheEdgeOfAWood+croptop.png in Resources */,
				60EE9DBA1743D59200DFA86F /* Shiele_PortraitFriederikeBeer_croptop.png in Resources */,
				60EE9DBB1743D59200DFA86F /* Shiele_PortraitFriederikeBeer.png in Resources */,
				60FB548F1744D4BF00A82CEE /* Mansur_Zebra_croptop.png in Resources */,
				60FB54901744D4BF00A82CEE /* Mansur_Zebra.png in Resources */,
				60FB54931744D4CC00A82CEE /* Kunisada_KanadehonChūshingura_croptop.png in Resources */,
				60FB54941744D4CC00A82CEE /* Kunisada_KanadehonChūshingura.png in Resources */,
				60FB54971744FA5100A82CEE /* Botticelli_Primavera_croptop.png in Resources */,
				60FB54981744FA5100A82CEE /* Botticelli_Primavera.png in Resources */,
				60FB549B17451F1700A82CEE /* Gerome_Anacreon_croptop.png in Resources */,
				60FB549C17451F1700A82CEE /* Gerome_Anacreon.png in Resources */,
				60FB549F17453C4700A82CEE /* Klimt_LifeAndDeath_croptop.png in Resources */,
				60FB54A017453C4700A82CEE /* Klimt_LifeAndDeath.png in Resources */,
				608A54EF17463C5300A5E746 /* LeNainBrothers_AllegoryOfVictory_croptop.png in Resources */,
				608A54F017463C5300A5E746 /* LeNainBrothers_AllegoryofVictory.png in Resources */,
				608A54F7174649B700A5E746 /* North_Flor_croptop.png in Resources */,
				608A54FA17465FA900A5E746 /* North_Flor.png in Resources */,
				604D7F381747752B00BCAB40 /* Bosch_TheGarden_croptop.png in Resources */,
				604D7F391747752B00BCAB40 /* Bosch_TheGarden.png in Resources */,
				604D7F3C174792E400BCAB40 /* Durer_Lobster_croptop.png in Resources */,
				604D7F3D174792E400BCAB40 /* Durer_Lobster.png in Resources */,
				604D7F441747BF8B00BCAB40 /* Blake_Nebuchadnezzar_croptop.png in Resources */,
				604D7F451747BF8B00BCAB40 /* Blake_Nebuchadnezzar.png in Resources */,
				60045D011748059600A4990F /* Monet_StillLifewithPearsandGrapes_croptop.png in Resources */,
				60045D021748059600A4990F /* Monet_StillLifewithPearsandGrapes.png in Resources */,
				60045D051748BF4C00A4990F /* Titian_Sisyphus_croptop.png in Resources */,
				60045D061748BF4C00A4990F /* Titian_Sisyphus.png in Resources */,
				60045D091748D39A00A4990F /* vanGogh_SkullWithBurningCigarette_croptop.png in Resources */,
				60045D0A1748D39A00A4990F /* vanGogh_SkullWithBurningCigarette.png in Resources */,
				60045D0D1748F60000A4990F /* ToulouseLautrec_TheDance_croptop.png in Resources */,
				60045D0E1748F60000A4990F /* ToulouseLautrec_TheDance.png in Resources */,
				60CDFE35174940680057DB81 /* Rozanova_Room_croptop.png in Resources */,
				60CDFE36174940680057DB81 /* Rozanova_Room.png in Resources */,
				60CDFE3A174980CD0057DB81 /* Hokusai_FiveFans.png in Resources */,
				60CDFE3C174981040057DB81 /* Hokusai_FiveFans_croptop.png in Resources */,
				60650C04174A654000FC2281 /* Caravaggio_Fanciullo.png in Resources */,
				60650C06174A67FD00FC2281 /* Cranach_AdamEve.png in Resources */,
				60650C08174A6B0400FC2281 /* Holbein_Ambassadors.png in Resources */,
				60650C0A174A708F00FC2281 /* Manet_Dejeuner.png in Resources */,
				60EB3383174D381A00F3F600 /* pattern-568@2x.png in Resources */,
				60EB3384174D381A00F3F600 /* pattern.png in Resources */,
				60EB3385174D381A00F3F600 /* pattern@2x.png in Resources */,
				6065970E17528AE40072B8D6 /* Rousseau_Mandrill_croptop.png in Resources */,
				6065970F17528AE40072B8D6 /* Rousseau_Mandrill.png in Resources */,
			);
			runOnlyForDeploymentPostprocessing = 0;
		};
		609D0FDA1632949800E08660 /* Resources */ = {
			isa = PBXResourcesBuildPhase;
			buildActionMask = 2147483647;
			files = (
				609D0FE91632949800E08660 /* InfoPlist.strings in Resources */,
			);
			runOnlyForDeploymentPostprocessing = 0;
		};
/* End PBXResourcesBuildPhase section */

/* Begin PBXShellScriptBuildPhase section */
		609D0FDB1632949800E08660 /* ShellScript */ = {
			isa = PBXShellScriptBuildPhase;
			buildActionMask = 2147483647;
			files = (
			);
			inputPaths = (
			);
			outputPaths = (
			);
			runOnlyForDeploymentPostprocessing = 0;
			shellPath = /bin/sh;
			shellScript = "# Run the unit tests in this test bundle.\n\"${SYSTEM_DEVELOPER_DIR}/Tools/RunUnitTests\"\n";
		};
		612C961BA1D5409B9A0BDC5F /* Copy Pods Resources */ = {
			isa = PBXShellScriptBuildPhase;
			buildActionMask = 2147483647;
			files = (
			);
			inputPaths = (
			);
			name = "Copy Pods Resources";
			outputPaths = (
			);
			runOnlyForDeploymentPostprocessing = 0;
			shellPath = /bin/sh;
			shellScript = "
";
		};
/* End PBXShellScriptBuildPhase section */

/* Begin PBXSourcesBuildPhase section */
		609D0FAC1632949700E08660 /* Sources */ = {
			isa = PBXSourcesBuildPhase;
			buildActionMask = 2147483647;
			files = (
				609D0FC11632949800E08660 /* main.m in Sources */,
				609D0FC51632949800E08660 /* AppDelegate.m in Sources */,
				609D0FD41632949800E08660 /* CanvasViewController.m in Sources */,
				6017CFD21644256400F9F4FB /* ToolboxViewController.m in Sources */,
				6052979F1727E8A900B832AC /* InfoController.m in Sources */,
				60C5D620172EC5F000D85EFD /* UIImage+fixOrientation.m in Sources */,
				602D298017401F72006475A9 /* LicenseController.m in Sources */,
			);
			runOnlyForDeploymentPostprocessing = 0;
		};
		609D0FD81632949800E08660 /* Sources */ = {
			isa = PBXSourcesBuildPhase;
			buildActionMask = 2147483647;
			files = (
				609D0FEC1632949800E08660 /* AppropTests.m in Sources */,
			);
			runOnlyForDeploymentPostprocessing = 0;
		};
/* End PBXSourcesBuildPhase section */

/* Begin PBXTargetDependency section */
		609D0FE31632949800E08660 /* PBXTargetDependency */ = {
			isa = PBXTargetDependency;
			target = 609D0FAF1632949700E08660 /* Approp */;
			targetProxy = 609D0FE21632949800E08660 /* PBXContainerItemProxy */;
		};
/* End PBXTargetDependency section */

/* Begin PBXVariantGroup section */
		609D0FBD1632949800E08660 /* InfoPlist.strings */ = {
			isa = PBXVariantGroup;
			children = (
				609D0FBE1632949800E08660 /* en */,
			);
			name = InfoPlist.strings;
			sourceTree = "<group>";
		};
		609D0FCC1632949800E08660 /* MainStoryboard_iPhone.storyboard */ = {
			isa = PBXVariantGroup;
			children = (
				609D0FCD1632949800E08660 /* en */,
			);
			name = MainStoryboard_iPhone.storyboard;
			sourceTree = "<group>";
		};
		609D0FE71632949800E08660 /* InfoPlist.strings */ = {
			isa = PBXVariantGroup;
			children = (
				609D0FE81632949800E08660 /* en */,
			);
			name = InfoPlist.strings;
			sourceTree = "<group>";
		};
/* End PBXVariantGroup section */

/* Begin XCBuildConfiguration section */
		609D0FED1632949800E08660 /* Debug */ = {
			isa = XCBuildConfiguration;
			buildSettings = {
				ALWAYS_SEARCH_USER_PATHS = NO;
				CLANG_CXX_LANGUAGE_STANDARD = "gnu++0x";
				CLANG_CXX_LIBRARY = "libc++";
				CLANG_ENABLE_OBJC_ARC = YES;
				CLANG_WARN_EMPTY_BODY = YES;
				CLANG_WARN__DUPLICATE_METHOD_MATCH = YES;
				"CODE_SIGN_IDENTITY[sdk=iphoneos*]" = "iPhone Developer";
				COPY_PHASE_STRIP = NO;
				GCC_C_LANGUAGE_STANDARD = gnu99;
				GCC_DYNAMIC_NO_PIC = NO;
				GCC_OPTIMIZATION_LEVEL = 0;
				GCC_PREPROCESSOR_DEFINITIONS = (
					"DEBUG=1",
					"$(inherited)",
				);
				GCC_SYMBOLS_PRIVATE_EXTERN = NO;
				GCC_WARN_ABOUT_RETURN_TYPE = YES;
				GCC_WARN_UNINITIALIZED_AUTOS = YES;
				GCC_WARN_UNUSED_VARIABLE = YES;
				IPHONEOS_DEPLOYMENT_TARGET = 6.1;
				ONLY_ACTIVE_ARCH = YES;
				SDKROOT = iphoneos;
				TARGETED_DEVICE_FAMILY = 1;
			};
			name = Debug;
		};
		609D0FEE1632949800E08660 /* Release */ = {
			isa = XCBuildConfiguration;
			buildSettings = {
				ALWAYS_SEARCH_USER_PATHS = NO;
				CLANG_CXX_LANGUAGE_STANDARD = "gnu++0x";
				CLANG_CXX_LIBRARY = "libc++";
				CLANG_ENABLE_OBJC_ARC = YES;
				CLANG_WARN_EMPTY_BODY = YES;
				CLANG_WARN__DUPLICATE_METHOD_MATCH = YES;
				"CODE_SIGN_IDENTITY[sdk=iphoneos*]" = "iPhone Developer";
				COPY_PHASE_STRIP = YES;
				GCC_C_LANGUAGE_STANDARD = gnu99;
				GCC_WARN_ABOUT_RETURN_TYPE = YES;
				GCC_WARN_UNINITIALIZED_AUTOS = YES;
				GCC_WARN_UNUSED_VARIABLE = YES;
				IPHONEOS_DEPLOYMENT_TARGET = 6.1;
				OTHER_CFLAGS = "-DNS_BLOCK_ASSERTIONS=1";
				SDKROOT = iphoneos;
				TARGETED_DEVICE_FAMILY = 1;
				VALIDATE_PRODUCT = YES;
			};
			name = Release;
		};
		609D0FF01632949800E08660 /* Debug */ = {
			isa = XCBuildConfiguration;
			buildSettings = {
				GCC_PRECOMPILE_PREFIX_HEADER = YES;
				GCC_PREFIX_HEADER = "Approp/Approp-Prefix.pch";
				INFOPLIST_FILE = "Approp/Approp-Info.plist";
				IPHONEOS_DEPLOYMENT_TARGET = 6.1;
				OTHER_LDFLAGS = (
					"-all_load",
					"-ObjC",
				);
				PRODUCT_NAME = "$(TARGET_NAME)";
				TARGETED_DEVICE_FAMILY = 1;
				USER_HEADER_SEARCH_PATHS = "Submodules/**";
				WRAPPER_EXTENSION = app;
			};
			name = Debug;
		};
		609D0FF11632949800E08660 /* Release */ = {
			isa = XCBuildConfiguration;
			buildSettings = {
				GCC_PRECOMPILE_PREFIX_HEADER = YES;
				GCC_PREFIX_HEADER = "Approp/Approp-Prefix.pch";
				INFOPLIST_FILE = "Approp/Approp-Info.plist";
				IPHONEOS_DEPLOYMENT_TARGET = 6.1;
				OTHER_LDFLAGS = (
					"-all_load",
					"-ObjC",
				);
				PRODUCT_NAME = "$(TARGET_NAME)";
				TARGETED_DEVICE_FAMILY = 1;
				USER_HEADER_SEARCH_PATHS = "Submodules/**";
				WRAPPER_EXTENSION = app;
			};
			name = Release;
		};
		609D0FF31632949800E08660 /* Debug */ = {
			isa = XCBuildConfiguration;
			buildSettings = {
				BUNDLE_LOADER = "$(BUILT_PRODUCTS_DIR)/Approp.app/Approp";
				FRAMEWORK_SEARCH_PATHS = (
					"\"$(SDKROOT)/Developer/Library/Frameworks\"",
					"\"$(DEVELOPER_LIBRARY_DIR)/Frameworks\"",
				);
				GCC_PRECOMPILE_PREFIX_HEADER = YES;
				GCC_PREFIX_HEADER = "Approp/Approp-Prefix.pch";
				INFOPLIST_FILE = "AppropTests/AppropTests-Info.plist";
				PRODUCT_NAME = "$(TARGET_NAME)";
				TEST_HOST = "$(BUNDLE_LOADER)";
				WRAPPER_EXTENSION = octest;
			};
			name = Debug;
		};
		609D0FF41632949800E08660 /* Release */ = {
			isa = XCBuildConfiguration;
			buildSettings = {
				BUNDLE_LOADER = "$(BUILT_PRODUCTS_DIR)/Approp.app/Approp";
				FRAMEWORK_SEARCH_PATHS = (
					"\"$(SDKROOT)/Developer/Library/Frameworks\"",
					"\"$(DEVELOPER_LIBRARY_DIR)/Frameworks\"",
				);
				GCC_PRECOMPILE_PREFIX_HEADER = YES;
				GCC_PREFIX_HEADER = "Approp/Approp-Prefix.pch";
				INFOPLIST_FILE = "AppropTests/AppropTests-Info.plist";
				PRODUCT_NAME = "$(TARGET_NAME)";
				TEST_HOST = "$(BUNDLE_LOADER)";
				WRAPPER_EXTENSION = octest;
			};
			name = Release;
		};
/* End XCBuildConfiguration section */

/* Begin XCConfigurationList section */
		609D0FAA1632949700E08660 /* Build configuration list for PBXProject "Approp" */ = {
			isa = XCConfigurationList;
			buildConfigurations = (
				609D0FED1632949800E08660 /* Debug */,
				609D0FEE1632949800E08660 /* Release */,
			);
			defaultConfigurationIsVisible = 0;
			defaultConfigurationName = Release;
		};
		609D0FEF1632949800E08660 /* Build configuration list for PBXNativeTarget "Approp" */ = {
			isa = XCConfigurationList;
			buildConfigurations = (
				609D0FF01632949800E08660 /* Debug */,
				609D0FF11632949800E08660 /* Release */,
			);
			defaultConfigurationIsVisible = 0;
			defaultConfigurationName = Release;
		};
		609D0FF21632949800E08660 /* Build configuration list for PBXNativeTarget "AppropTests" */ = {
			isa = XCConfigurationList;
			buildConfigurations = (
				609D0FF31632949800E08660 /* Debug */,
				609D0FF41632949800E08660 /* Release */,
			);
			defaultConfigurationIsVisible = 0;
			defaultConfigurationName = Release;
		};
/* End XCConfigurationList section */
	};
	rootObject = 609D0FA71632949700E08660 /* Project object */;
}
